
Microsoft Visual Studio Solution File, Format Version 12.00
# Visual Studio Version 17
VisualStudioVersion = 17.0.31903.59
MinimumVisualStudioVersion = 10.0.40219.1
Project("{FAE04EC0-301F-11D3-BF4B-00C04F79EFBC}") = "ServiceLinkApi", "ServiceLinkApi\ServiceLinkApi.csproj", "{8CF0ACB9-7E71-4D4C-BAC6-5E9DE0540A74}"
EndProject
Project("{FAE04EC0-301F-11D3-BF4B-00C04F79EFBC}") = "ServiceLink.EF", "ServiceLink.EF\ServiceLink.EF.csproj", "{0009441B-24E4-44C8-881E-B458E3768B16}"
EndProject
Project("{FAE04EC0-301F-11D3-BF4B-00C04F79EFBC}") = "ServiceLink.Core", "ServiceLink.Core\ServiceLink.Core.csproj", "{3C96E341-AB6C-4C5E-8207-8FDF255F57BB}"
EndProject
Global
	GlobalSection(SolutionConfigurationPlatforms) = preSolution
		Debug|Any CPU = Debug|Any CPU
		Release|Any CPU = Release|Any CPU
	EndGlobalSection
	GlobalSection(SolutionProperties) = preSolution
		HideSolutionNode = FALSE
	EndGlobalSection
	GlobalSection(ProjectConfigurationPlatforms) = postSolution
		{8CF0ACB9-7E71-4D4C-BAC6-5E9DE0540A74}.Debug|Any CPU.ActiveCfg = Debug|Any CPU
		{8CF0ACB9-7E71-4D4C-BAC6-5E9DE0540A74}.Debug|Any CPU.Build.0 = Debug|Any CPU
		{8CF0ACB9-7E71-4D4C-BAC6-5E9DE0540A74}.Release|Any CPU.ActiveCfg = Release|Any CPU
		{8CF0ACB9-7E71-4D4C-BAC6-5E9DE0540A74}.Release|Any CPU.Build.0 = Release|Any CPU
		{0009441B-24E4-44C8-881E-B458E3768B16}.Debug|Any CPU.ActiveCfg = Debug|Any CPU
		{0009441B-24E4-44C8-881E-B458E3768B16}.Debug|Any CPU.Build.0 = Debug|Any CPU
		{0009441B-24E4-44C8-881E-B458E3768B16}.Release|Any CPU.ActiveCfg = Release|Any CPU
		{0009441B-24E4-44C8-881E-B458E3768B16}.Release|Any CPU.Build.0 = Release|Any CPU
		{3C96E341-AB6C-4C5E-8207-8FDF255F57BB}.Debug|Any CPU.ActiveCfg = Debug|Any CPU
		{3C96E341-AB6C-4C5E-8207-8FDF255F57BB}.Debug|Any CPU.Build.0 = Debug|Any CPU
		{3C96E341-AB6C-4C5E-8207-8FDF255F57BB}.Release|Any CPU.ActiveCfg = Release|Any CPU
		{3C96E341-AB6C-4C5E-8207-8FDF255F57BB}.Release|Any CPU.Build.0 = Release|Any CPU
	EndGlobalSection
EndGlobal
